
Microsoft Visual Studio Solution File, Format Version 12.00
# Visual Studio Version 16
VisualStudioVersion = 16.0.29424.173
MinimumVisualStudioVersion = 10.0.40219.1
Project("{8BC9CEB8-8B4A-11D0-8D11-00A0C91BC942}") = "KursovayaEd", "KursovayaEd\KursovayaEd.vcxproj", "{EFE6D5E5-828A-492E-AFA7-B90E7D64EB77}"
EndProject
Global
	GlobalSection(SolutionConfigurationPlatforms) = preSolution
		Debug|x64 = Debug|x64
		Debug|x86 = Debug|x86
		Release|x64 = Release|x64
		Release|x86 = Release|x86
	EndGlobalSection
	GlobalSection(ProjectConfigurationPlatforms) = postSolution
		{EFE6D5E5-828A-492E-AFA7-B90E7D64EB77}.Debug|x64.ActiveCfg = Debug|x64
		{EFE6D5E5-828A-492E-AFA7-B90E7D64EB77}.Debug|x64.Build.0 = Debug|x64
		{EFE6D5E5-828A-492E-AFA7-B90E7D64EB77}.Debug|x86.ActiveCfg = Debug|Win32
		{EFE6D5E5-828A-492E-AFA7-B90E7D64EB77}.Debug|x86.Build.0 = Debug|Win32
		{EFE6D5E5-828A-492E-AFA7-B90E7D64EB77}.Release|x64.ActiveCfg = Release|x64
		{EFE6D5E5-828A-492E-AFA7-B90E7D64EB77}.Release|x64.Build.0 = Release|x64
		{EFE6D5E5-828A-492E-AFA7-B90E7D64EB77}.Release|x86.ActiveCfg = Release|Win32
		{EFE6D5E5-828A-492E-AFA7-B90E7D64EB77}.Release|x86.Build.0 = Release|Win32
	EndGlobalSection
	GlobalSection(SolutionProperties) = preSolution
		HideSolutionNode = FALSE
	EndGlobalSection
	GlobalSection(ExtensibilityGlobals) = postSolution
		SolutionGuid = {01C92793-73E5-42FD-A76F-99B0E47C4613}
	EndGlobalSection
EndGlobal
